{
    "_meta": {
        "hash": {
            "sha256": "5e360d65179c42147dbac727d6894da814c94fc06b614a767dd5062df1732154"
        },
        "pipfile-spec": 6,
        "requires": {
            "python_version": "3.7"
        },
        "sources": [
            {
                "name": "pypi",
                "url": "https://pypi.org/simple",
                "verify_ssl": true
            }
        ]
    },
    "default": {
        "ortools": {
            "hashes": [
                "sha256:07d1bf5137aaa2302a6c07627bbea309c348e18ec2b03c7c2892ae256da48255",
                "sha256:161e405516dcd155a88f830a003ab02e00c19b42f4940d20c94206ae726da88f",
                "sha256:2ad43a0c93bc5ae8cfa0ee8c006ba553c2b00c856e360991e5ea26ad20a219cf",
                "sha256:36205708d8cc38da05c4937ba76a7a6ba82240b6c9b1e99f737959acdb86cfa8",
                "sha256:717a89f8cf6c4366e7f523d6949b833129ac16a9e57d008cbd16abd2350c9b3d",
                "sha256:93649c97d63a60a9540bfe4fb7ced481817251d9469def22b908bea967a1c515",
                "sha256:c3cd89456207024e29131a05c71c3ed5794791635ee5f35ca09801e7c1359f7b",
                "sha256:c97deea309ff63128500910a78f8827b19d1a0faaf1a281f91f2da571a1d8a60",
                "sha256:c9ea495805c0e54c1a1a9d75b9fa79b2db986c572b6e8da99f6c8742d17c97c6",
                "sha256:d263cf0aef7772686243d7f7c11d07edb1ae5b41c987c618cf41a0eb1dbd3eb2",
                "sha256:da2a335dedc64e6910001eb9ce01155d5d514c84884b1f442a93594377892edb"
            ],
            "index": "pypi",
            "version": "==7.2.6977"
        },
        "protobuf": {
            "hashes": [
                "sha256:05c36022fef3c7d3562ac22402965c0c2b9fe8421f459bb377323598996e407f",
                "sha256:139b7eadcca0a861d60b523cb37d9475505e0dfb07972436b15407c2b968d87e",
                "sha256:15f683006cb77fb849b1f561e509b03dd2b7dcc749086b8dd1831090d0ba4740",
                "sha256:2ad566b7b7cdd8717c7af1825e19f09e8fef2787b77fcb979588944657679604",
                "sha256:35cfcf97642ef62108e10a9431c77733ec7eaab8e32fe4653de20403429907cb",
                "sha256:387822859ecdd012fdc25ec879f7f487da6e1d5b1ae6115e227e6be208836f71",
                "sha256:4df14cbe1e7134afcfdbb9f058949e31c466de27d9b2f7fb4da9e0b67231b538",
                "sha256:586c4ca37a7146d4822c700059f150ac3445ce0aef6f3ea258640838bb892dc2",
                "sha256:58b11e530e954d29ab3180c48dc558a409f705bf16739fd4e0d3e07924ad7add",
                "sha256:63c8c98ccb8c95f41c18fb829aeeab21c6249adee4ed75354125bdc44488f30e",
                "sha256:72edcbacd0c73eef507d2ff1af99a6c27df18e66a3ff4351e401182e4de62b03",
                "sha256:83dc8a561b3b954fd7002c690bb83278b8d1742a1e28abba9aaef28b0c8b437d",
                "sha256:913171ecc84c2726b86574e40549a0ea619d569657c5a5ff782a3be7d81401a5",
                "sha256:aabb7c741d3416671c3e6fe7c52970a226e6a8274417a97d7d795f953fadef36",
                "sha256:b3452bbda12b1cbe2187d416779de07b2ab4c497d83a050e43c344778763721d",
                "sha256:c5d5b8d4a9212338297fa1fa44589f69b470c0ba1d38168b432d577176b386a8",
                "sha256:d86ee389c2c4fc3cebabb8ce83a8e97b6b3b5dc727b7419c1ccdc7b6e545a233",
                "sha256:f2db8c754de788ab8be5e108e1e967c774c0942342b4f8aaaf14063889a6cfdc"
            ],
            "version": "==3.9.0"
        },
        "six": {
            "hashes": [
                "sha256:3350809f0555b11f552448330d0b52d5f24c91a322ea4a15ef22629740f3761c",
                "sha256:d16a0141ec1a18405cd4ce8b4613101da75da0e9a7aec5bdd4fa804d0e0eba73"
            ],
            "version": "==1.12.0"
        }
    },
    "develop": {}
}
